
Microsoft Visual Studio Solution File, Format Version 12.00
# Visual Studio Version 17
VisualStudioVersion = 17.8.34330.188
MinimumVisualStudioVersion = 10.0.40219.1
Project("{FAE04EC0-301F-11D3-BF4B-00C04F79EFBC}") = "715105034_Nguyen_Quy_Dai_Bai14", "715105034_Nguyen_Quy_Dai_Bai14\715105034_Nguyen_Quy_Dai_Bai14.csproj", "{450ACA77-2343-4988-945C-46DF67E8B256}"
EndProject
Global
	GlobalSection(SolutionConfigurationPlatforms) = preSolution
		Debug|Any CPU = Debug|Any CPU
		Release|Any CPU = Release|Any CPU
	EndGlobalSection
	GlobalSection(ProjectConfigurationPlatforms) = postSolution
		{450ACA77-2343-4988-945C-46DF67E8B256}.Debug|Any CPU.ActiveCfg = Debug|Any CPU
		{450ACA77-2343-4988-945C-46DF67E8B256}.Debug|Any CPU.Build.0 = Debug|Any CPU
		{450ACA77-2343-4988-945C-46DF67E8B256}.Release|Any CPU.ActiveCfg = Release|Any CPU
		{450ACA77-2343-4988-945C-46DF67E8B256}.Release|Any CPU.Build.0 = Release|Any CPU
	EndGlobalSection
	GlobalSection(SolutionProperties) = preSolution
		HideSolutionNode = FALSE
	EndGlobalSection
	GlobalSection(ExtensibilityGlobals) = postSolution
		SolutionGuid = {AA61B1BF-CA33-45E3-8F64-27A2E8B65FCF}
	EndGlobalSection
EndGlobal
