
Microsoft Visual Studio Solution File, Format Version 12.00
# Visual Studio Version 17
VisualStudioVersion = 17.8.34330.188
MinimumVisualStudioVersion = 10.0.40219.1
Project("{FAE04EC0-301F-11D3-BF4B-00C04F79EFBC}") = "715105034_Nguyen_Quy_Dai_Bai21", "715105034_Nguyen_Quy_Dai_Bai21\715105034_Nguyen_Quy_Dai_Bai21.csproj", "{B93EE862-04DE-4189-B806-1B7903B42547}"
EndProject
Global
	GlobalSection(SolutionConfigurationPlatforms) = preSolution
		Debug|Any CPU = Debug|Any CPU
		Release|Any CPU = Release|Any CPU
	EndGlobalSection
	GlobalSection(ProjectConfigurationPlatforms) = postSolution
		{B93EE862-04DE-4189-B806-1B7903B42547}.Debug|Any CPU.ActiveCfg = Debug|Any CPU
		{B93EE862-04DE-4189-B806-1B7903B42547}.Debug|Any CPU.Build.0 = Debug|Any CPU
		{B93EE862-04DE-4189-B806-1B7903B42547}.Release|Any CPU.ActiveCfg = Release|Any CPU
		{B93EE862-04DE-4189-B806-1B7903B42547}.Release|Any CPU.Build.0 = Release|Any CPU
	EndGlobalSection
	GlobalSection(SolutionProperties) = preSolution
		HideSolutionNode = FALSE
	EndGlobalSection
	GlobalSection(ExtensibilityGlobals) = postSolution
		SolutionGuid = {51E99DF2-934C-4BA8-9EDC-D86D3AD40180}
	EndGlobalSection
EndGlobal
