
Microsoft Visual Studio Solution File, Format Version 12.00
# Visual Studio Version 17
VisualStudioVersion = 17.8.34330.188
MinimumVisualStudioVersion = 10.0.40219.1
Project("{FAE04EC0-301F-11D3-BF4B-00C04F79EFBC}") = "Bai_2.1-3", "Bai_2.1-3\Bai_2.1-3.csproj", "{4C8B6259-DB14-4F22-8224-4812A661DFDE}"
EndProject
Global
	GlobalSection(SolutionConfigurationPlatforms) = preSolution
		Debug|Any CPU = Debug|Any CPU
		Release|Any CPU = Release|Any CPU
	EndGlobalSection
	GlobalSection(ProjectConfigurationPlatforms) = postSolution
		{4C8B6259-DB14-4F22-8224-4812A661DFDE}.Debug|Any CPU.ActiveCfg = Debug|Any CPU
		{4C8B6259-DB14-4F22-8224-4812A661DFDE}.Debug|Any CPU.Build.0 = Debug|Any CPU
		{4C8B6259-DB14-4F22-8224-4812A661DFDE}.Release|Any CPU.ActiveCfg = Release|Any CPU
		{4C8B6259-DB14-4F22-8224-4812A661DFDE}.Release|Any CPU.Build.0 = Release|Any CPU
	EndGlobalSection
	GlobalSection(SolutionProperties) = preSolution
		HideSolutionNode = FALSE
	EndGlobalSection
	GlobalSection(ExtensibilityGlobals) = postSolution
		SolutionGuid = {63EE867D-B1C6-4BF5-828D-DBC65BCD1A8F}
	EndGlobalSection
EndGlobal
