
Microsoft Visual Studio Solution File, Format Version 12.00
# Visual Studio Version 17
VisualStudioVersion = 17.8.34330.188
MinimumVisualStudioVersion = 10.0.40219.1
Project("{FAE04EC0-301F-11D3-BF4B-00C04F79EFBC}") = "715105034_Nguyen_Quy_Dai_Bai32", "715105034_Nguyen_Quy_Dai_Bai32\715105034_Nguyen_Quy_Dai_Bai32.csproj", "{96609BF1-32EF-47DC-9F17-2491DD47E253}"
EndProject
Global
	GlobalSection(SolutionConfigurationPlatforms) = preSolution
		Debug|Any CPU = Debug|Any CPU
		Release|Any CPU = Release|Any CPU
	EndGlobalSection
	GlobalSection(ProjectConfigurationPlatforms) = postSolution
		{96609BF1-32EF-47DC-9F17-2491DD47E253}.Debug|Any CPU.ActiveCfg = Debug|Any CPU
		{96609BF1-32EF-47DC-9F17-2491DD47E253}.Debug|Any CPU.Build.0 = Debug|Any CPU
		{96609BF1-32EF-47DC-9F17-2491DD47E253}.Release|Any CPU.ActiveCfg = Release|Any CPU
		{96609BF1-32EF-47DC-9F17-2491DD47E253}.Release|Any CPU.Build.0 = Release|Any CPU
	EndGlobalSection
	GlobalSection(SolutionProperties) = preSolution
		HideSolutionNode = FALSE
	EndGlobalSection
	GlobalSection(ExtensibilityGlobals) = postSolution
		SolutionGuid = {5B864801-5318-4658-864A-6C3CBE0C3183}
	EndGlobalSection
EndGlobal
