
Microsoft Visual Studio Solution File, Format Version 12.00
# Visual Studio Version 17
VisualStudioVersion = 17.8.34330.188
MinimumVisualStudioVersion = 10.0.40219.1
Project("{FAE04EC0-301F-11D3-BF4B-00C04F79EFBC}") = "715105034_Nguyen_Quy_Dai_Bai5", "715105034_Nguyen_Quy_Dai_Bai5\715105034_Nguyen_Quy_Dai_Bai5.csproj", "{33C5B100-C6AD-4C23-A54C-E82307DE8BF2}"
EndProject
Global
	GlobalSection(SolutionConfigurationPlatforms) = preSolution
		Debug|Any CPU = Debug|Any CPU
		Release|Any CPU = Release|Any CPU
	EndGlobalSection
	GlobalSection(ProjectConfigurationPlatforms) = postSolution
		{33C5B100-C6AD-4C23-A54C-E82307DE8BF2}.Debug|Any CPU.ActiveCfg = Debug|Any CPU
		{33C5B100-C6AD-4C23-A54C-E82307DE8BF2}.Debug|Any CPU.Build.0 = Debug|Any CPU
		{33C5B100-C6AD-4C23-A54C-E82307DE8BF2}.Release|Any CPU.ActiveCfg = Release|Any CPU
		{33C5B100-C6AD-4C23-A54C-E82307DE8BF2}.Release|Any CPU.Build.0 = Release|Any CPU
	EndGlobalSection
	GlobalSection(SolutionProperties) = preSolution
		HideSolutionNode = FALSE
	EndGlobalSection
	GlobalSection(ExtensibilityGlobals) = postSolution
		SolutionGuid = {C193E1CA-A02F-4632-99BF-818C74B49E7C}
	EndGlobalSection
EndGlobal
