
Microsoft Visual Studio Solution File, Format Version 12.00
# Visual Studio Version 17
VisualStudioVersion = 17.8.34330.188
MinimumVisualStudioVersion = 10.0.40219.1
Project("{FAE04EC0-301F-11D3-BF4B-00C04F79EFBC}") = "NguyenQuyDai_Bai4.4", "NguyenQuyDai_Bai4.4\NguyenQuyDai_Bai4.4.csproj", "{BC06AD6C-A49B-4901-A49E-0FA0BFA9F517}"
EndProject
Global
	GlobalSection(SolutionConfigurationPlatforms) = preSolution
		Debug|Any CPU = Debug|Any CPU
		Release|Any CPU = Release|Any CPU
	EndGlobalSection
	GlobalSection(ProjectConfigurationPlatforms) = postSolution
		{BC06AD6C-A49B-4901-A49E-0FA0BFA9F517}.Debug|Any CPU.ActiveCfg = Debug|Any CPU
		{BC06AD6C-A49B-4901-A49E-0FA0BFA9F517}.Debug|Any CPU.Build.0 = Debug|Any CPU
		{BC06AD6C-A49B-4901-A49E-0FA0BFA9F517}.Release|Any CPU.ActiveCfg = Release|Any CPU
		{BC06AD6C-A49B-4901-A49E-0FA0BFA9F517}.Release|Any CPU.Build.0 = Release|Any CPU
	EndGlobalSection
	GlobalSection(SolutionProperties) = preSolution
		HideSolutionNode = FALSE
	EndGlobalSection
	GlobalSection(ExtensibilityGlobals) = postSolution
		SolutionGuid = {D3328043-BF82-45F5-94ED-85473D56563B}
	EndGlobalSection
EndGlobal
