
Microsoft Visual Studio Solution File, Format Version 12.00
# Visual Studio Version 17
VisualStudioVersion = 17.8.34330.188
MinimumVisualStudioVersion = 10.0.40219.1
Project("{FAE04EC0-301F-11D3-BF4B-00C04F79EFBC}") = "715105034_NguyenQuyDai_Bai3", "715105034_NguyenQuyDai_Bai3\715105034_NguyenQuyDai_Bai3.csproj", "{73308AE2-6B19-4F84-B1E3-3D841E9F43C9}"
EndProject
Global
	GlobalSection(SolutionConfigurationPlatforms) = preSolution
		Debug|Any CPU = Debug|Any CPU
		Release|Any CPU = Release|Any CPU
	EndGlobalSection
	GlobalSection(ProjectConfigurationPlatforms) = postSolution
		{73308AE2-6B19-4F84-B1E3-3D841E9F43C9}.Debug|Any CPU.ActiveCfg = Debug|Any CPU
		{73308AE2-6B19-4F84-B1E3-3D841E9F43C9}.Debug|Any CPU.Build.0 = Debug|Any CPU
		{73308AE2-6B19-4F84-B1E3-3D841E9F43C9}.Release|Any CPU.ActiveCfg = Release|Any CPU
		{73308AE2-6B19-4F84-B1E3-3D841E9F43C9}.Release|Any CPU.Build.0 = Release|Any CPU
	EndGlobalSection
	GlobalSection(SolutionProperties) = preSolution
		HideSolutionNode = FALSE
	EndGlobalSection
	GlobalSection(ExtensibilityGlobals) = postSolution
		SolutionGuid = {B33B6EA9-B625-441E-8B38-744267DEAE59}
	EndGlobalSection
EndGlobal
