
Microsoft Visual Studio Solution File, Format Version 12.00
# Visual Studio Version 17
VisualStudioVersion = 17.8.34330.188
MinimumVisualStudioVersion = 10.0.40219.1
Project("{FAE04EC0-301F-11D3-BF4B-00C04F79EFBC}") = "715105034_NguyenQuyDai_Bai4", "715105034_NguyenQuyDai_Bai4\715105034_NguyenQuyDai_Bai4.csproj", "{53536D58-D1CD-461D-BA36-762F1A7C34E0}"
EndProject
Global
	GlobalSection(SolutionConfigurationPlatforms) = preSolution
		Debug|Any CPU = Debug|Any CPU
		Release|Any CPU = Release|Any CPU
	EndGlobalSection
	GlobalSection(ProjectConfigurationPlatforms) = postSolution
		{53536D58-D1CD-461D-BA36-762F1A7C34E0}.Debug|Any CPU.ActiveCfg = Debug|Any CPU
		{53536D58-D1CD-461D-BA36-762F1A7C34E0}.Debug|Any CPU.Build.0 = Debug|Any CPU
		{53536D58-D1CD-461D-BA36-762F1A7C34E0}.Release|Any CPU.ActiveCfg = Release|Any CPU
		{53536D58-D1CD-461D-BA36-762F1A7C34E0}.Release|Any CPU.Build.0 = Release|Any CPU
	EndGlobalSection
	GlobalSection(SolutionProperties) = preSolution
		HideSolutionNode = FALSE
	EndGlobalSection
	GlobalSection(ExtensibilityGlobals) = postSolution
		SolutionGuid = {0F297763-A258-4573-AC16-C520386E36D5}
	EndGlobalSection
EndGlobal
