
Microsoft Visual Studio Solution File, Format Version 12.00
# Visual Studio Version 17
VisualStudioVersion = 17.8.34330.188
MinimumVisualStudioVersion = 10.0.40219.1
Project("{FAE04EC0-301F-11D3-BF4B-00C04F79EFBC}") = "715105034_Nguyen_Quy_Dai_Bai12", "715105034_Nguyen_Quy_Dai_Bai12\715105034_Nguyen_Quy_Dai_Bai12.csproj", "{4B821E5F-81FC-4B0C-91F3-D426BB4F7F69}"
EndProject
Global
	GlobalSection(SolutionConfigurationPlatforms) = preSolution
		Debug|Any CPU = Debug|Any CPU
		Release|Any CPU = Release|Any CPU
	EndGlobalSection
	GlobalSection(ProjectConfigurationPlatforms) = postSolution
		{4B821E5F-81FC-4B0C-91F3-D426BB4F7F69}.Debug|Any CPU.ActiveCfg = Debug|Any CPU
		{4B821E5F-81FC-4B0C-91F3-D426BB4F7F69}.Debug|Any CPU.Build.0 = Debug|Any CPU
		{4B821E5F-81FC-4B0C-91F3-D426BB4F7F69}.Release|Any CPU.ActiveCfg = Release|Any CPU
		{4B821E5F-81FC-4B0C-91F3-D426BB4F7F69}.Release|Any CPU.Build.0 = Release|Any CPU
	EndGlobalSection
	GlobalSection(SolutionProperties) = preSolution
		HideSolutionNode = FALSE
	EndGlobalSection
	GlobalSection(ExtensibilityGlobals) = postSolution
		SolutionGuid = {2E389240-2858-4A27-9D6D-71A32578F51E}
	EndGlobalSection
EndGlobal
