
Microsoft Visual Studio Solution File, Format Version 12.00
# Visual Studio Version 17
VisualStudioVersion = 17.8.34330.188
MinimumVisualStudioVersion = 10.0.40219.1
Project("{FAE04EC0-301F-11D3-BF4B-00C04F79EFBC}") = "715105034_Nguyen_Quy_Dai_Bai34", "715105034_Nguyen_Quy_Dai_Bai34\715105034_Nguyen_Quy_Dai_Bai34.csproj", "{1E94C008-1C1E-4CBB-BE7F-0612F358F4CF}"
EndProject
Global
	GlobalSection(SolutionConfigurationPlatforms) = preSolution
		Debug|Any CPU = Debug|Any CPU
		Release|Any CPU = Release|Any CPU
	EndGlobalSection
	GlobalSection(ProjectConfigurationPlatforms) = postSolution
		{1E94C008-1C1E-4CBB-BE7F-0612F358F4CF}.Debug|Any CPU.ActiveCfg = Debug|Any CPU
		{1E94C008-1C1E-4CBB-BE7F-0612F358F4CF}.Debug|Any CPU.Build.0 = Debug|Any CPU
		{1E94C008-1C1E-4CBB-BE7F-0612F358F4CF}.Release|Any CPU.ActiveCfg = Release|Any CPU
		{1E94C008-1C1E-4CBB-BE7F-0612F358F4CF}.Release|Any CPU.Build.0 = Release|Any CPU
	EndGlobalSection
	GlobalSection(SolutionProperties) = preSolution
		HideSolutionNode = FALSE
	EndGlobalSection
	GlobalSection(ExtensibilityGlobals) = postSolution
		SolutionGuid = {11AE827C-6E13-42EC-A2DE-8EEAE6981952}
	EndGlobalSection
EndGlobal
