
Microsoft Visual Studio Solution File, Format Version 12.00
# Visual Studio Version 17
VisualStudioVersion = 17.8.34330.188
MinimumVisualStudioVersion = 10.0.40219.1
Project("{FAE04EC0-301F-11D3-BF4B-00C04F79EFBC}") = "715105034_Nguyen_Quy_Dai_Bai18", "715105034_Nguyen_Quy_Dai_Bai18\715105034_Nguyen_Quy_Dai_Bai18.csproj", "{BC30131E-2CE1-48B7-ABC5-7FBBD0B20A11}"
EndProject
Global
	GlobalSection(SolutionConfigurationPlatforms) = preSolution
		Debug|Any CPU = Debug|Any CPU
		Release|Any CPU = Release|Any CPU
	EndGlobalSection
	GlobalSection(ProjectConfigurationPlatforms) = postSolution
		{BC30131E-2CE1-48B7-ABC5-7FBBD0B20A11}.Debug|Any CPU.ActiveCfg = Debug|Any CPU
		{BC30131E-2CE1-48B7-ABC5-7FBBD0B20A11}.Debug|Any CPU.Build.0 = Debug|Any CPU
		{BC30131E-2CE1-48B7-ABC5-7FBBD0B20A11}.Release|Any CPU.ActiveCfg = Release|Any CPU
		{BC30131E-2CE1-48B7-ABC5-7FBBD0B20A11}.Release|Any CPU.Build.0 = Release|Any CPU
	EndGlobalSection
	GlobalSection(SolutionProperties) = preSolution
		HideSolutionNode = FALSE
	EndGlobalSection
	GlobalSection(ExtensibilityGlobals) = postSolution
		SolutionGuid = {C3E6487E-E5E6-4C2F-938F-F50828848FA6}
	EndGlobalSection
EndGlobal
