
Microsoft Visual Studio Solution File, Format Version 12.00
# Visual Studio Version 17
VisualStudioVersion = 17.8.34330.188
MinimumVisualStudioVersion = 10.0.40219.1
Project("{FAE04EC0-301F-11D3-BF4B-00C04F79EFBC}") = "715105034_Nguyen_Quy_Dai_Bai13", "715105034_Nguyen_Quy_Dai_Bai13\715105034_Nguyen_Quy_Dai_Bai13.csproj", "{0CFA0384-C885-46C0-9017-B57700D37D95}"
EndProject
Global
	GlobalSection(SolutionConfigurationPlatforms) = preSolution
		Debug|Any CPU = Debug|Any CPU
		Release|Any CPU = Release|Any CPU
	EndGlobalSection
	GlobalSection(ProjectConfigurationPlatforms) = postSolution
		{0CFA0384-C885-46C0-9017-B57700D37D95}.Debug|Any CPU.ActiveCfg = Debug|Any CPU
		{0CFA0384-C885-46C0-9017-B57700D37D95}.Debug|Any CPU.Build.0 = Debug|Any CPU
		{0CFA0384-C885-46C0-9017-B57700D37D95}.Release|Any CPU.ActiveCfg = Release|Any CPU
		{0CFA0384-C885-46C0-9017-B57700D37D95}.Release|Any CPU.Build.0 = Release|Any CPU
	EndGlobalSection
	GlobalSection(SolutionProperties) = preSolution
		HideSolutionNode = FALSE
	EndGlobalSection
	GlobalSection(ExtensibilityGlobals) = postSolution
		SolutionGuid = {F6607CFD-EF28-46EB-9ED7-7C65AECBF8F5}
	EndGlobalSection
EndGlobal
