
Microsoft Visual Studio Solution File, Format Version 12.00
# Visual Studio Version 17
VisualStudioVersion = 17.8.34330.188
MinimumVisualStudioVersion = 10.0.40219.1
Project("{FAE04EC0-301F-11D3-BF4B-00C04F79EFBC}") = "NguyenQuyDai_Bai1", "NguyenQuyDai_Bai1\NguyenQuyDai_Bai1.csproj", "{DC896E5A-D0B0-4858-8AEF-E1B20D3A13E5}"
EndProject
Global
	GlobalSection(SolutionConfigurationPlatforms) = preSolution
		Debug|Any CPU = Debug|Any CPU
		Release|Any CPU = Release|Any CPU
	EndGlobalSection
	GlobalSection(ProjectConfigurationPlatforms) = postSolution
		{DC896E5A-D0B0-4858-8AEF-E1B20D3A13E5}.Debug|Any CPU.ActiveCfg = Debug|Any CPU
		{DC896E5A-D0B0-4858-8AEF-E1B20D3A13E5}.Debug|Any CPU.Build.0 = Debug|Any CPU
		{DC896E5A-D0B0-4858-8AEF-E1B20D3A13E5}.Release|Any CPU.ActiveCfg = Release|Any CPU
		{DC896E5A-D0B0-4858-8AEF-E1B20D3A13E5}.Release|Any CPU.Build.0 = Release|Any CPU
	EndGlobalSection
	GlobalSection(SolutionProperties) = preSolution
		HideSolutionNode = FALSE
	EndGlobalSection
	GlobalSection(ExtensibilityGlobals) = postSolution
		SolutionGuid = {7593CDE9-EE9C-490B-A9F3-71654715F210}
	EndGlobalSection
EndGlobal
