
Microsoft Visual Studio Solution File, Format Version 12.00
# Visual Studio Version 17
VisualStudioVersion = 17.8.34330.188
MinimumVisualStudioVersion = 10.0.40219.1
Project("{FAE04EC0-301F-11D3-BF4B-00C04F79EFBC}") = "715105034_Nguyen_Quy_Dai_Bai3", "715105034_Nguyen_Quy_Dai_Bai3\715105034_Nguyen_Quy_Dai_Bai3.csproj", "{FFA3A877-1C4B-4A85-8F2D-A728178743DB}"
EndProject
Global
	GlobalSection(SolutionConfigurationPlatforms) = preSolution
		Debug|Any CPU = Debug|Any CPU
		Release|Any CPU = Release|Any CPU
	EndGlobalSection
	GlobalSection(ProjectConfigurationPlatforms) = postSolution
		{FFA3A877-1C4B-4A85-8F2D-A728178743DB}.Debug|Any CPU.ActiveCfg = Debug|Any CPU
		{FFA3A877-1C4B-4A85-8F2D-A728178743DB}.Debug|Any CPU.Build.0 = Debug|Any CPU
		{FFA3A877-1C4B-4A85-8F2D-A728178743DB}.Release|Any CPU.ActiveCfg = Release|Any CPU
		{FFA3A877-1C4B-4A85-8F2D-A728178743DB}.Release|Any CPU.Build.0 = Release|Any CPU
	EndGlobalSection
	GlobalSection(SolutionProperties) = preSolution
		HideSolutionNode = FALSE
	EndGlobalSection
	GlobalSection(ExtensibilityGlobals) = postSolution
		SolutionGuid = {2793F768-4E0A-47E9-9B9B-3F5711D7C463}
	EndGlobalSection
EndGlobal
