
Microsoft Visual Studio Solution File, Format Version 12.00
# Visual Studio Version 17
VisualStudioVersion = 17.9.34701.34
MinimumVisualStudioVersion = 10.0.40219.1
Project("{FAE04EC0-301F-11D3-BF4B-00C04F79EFBC}") = "Bai4_NguyenQuyDai", "Bai4_NguyenQuyDai\Bai4_NguyenQuyDai.csproj", "{AE0AEAF5-56D8-4AF3-A4C3-EBBA2373A4F2}"
EndProject
Global
	GlobalSection(SolutionConfigurationPlatforms) = preSolution
		Debug|Any CPU = Debug|Any CPU
		Release|Any CPU = Release|Any CPU
	EndGlobalSection
	GlobalSection(ProjectConfigurationPlatforms) = postSolution
		{AE0AEAF5-56D8-4AF3-A4C3-EBBA2373A4F2}.Debug|Any CPU.ActiveCfg = Debug|Any CPU
		{AE0AEAF5-56D8-4AF3-A4C3-EBBA2373A4F2}.Debug|Any CPU.Build.0 = Debug|Any CPU
		{AE0AEAF5-56D8-4AF3-A4C3-EBBA2373A4F2}.Release|Any CPU.ActiveCfg = Release|Any CPU
		{AE0AEAF5-56D8-4AF3-A4C3-EBBA2373A4F2}.Release|Any CPU.Build.0 = Release|Any CPU
	EndGlobalSection
	GlobalSection(SolutionProperties) = preSolution
		HideSolutionNode = FALSE
	EndGlobalSection
	GlobalSection(ExtensibilityGlobals) = postSolution
		SolutionGuid = {DBFABEE8-7E9A-4081-931B-8F994C7A909F}
	EndGlobalSection
EndGlobal
