
Microsoft Visual Studio Solution File, Format Version 12.00
# Visual Studio Version 17
VisualStudioVersion = 17.8.34330.188
MinimumVisualStudioVersion = 10.0.40219.1
Project("{FAE04EC0-301F-11D3-BF4B-00C04F79EFBC}") = "715105034_Nguyen_Quy_Dai_Bai27", "715105034_Nguyen_Quy_Dai_Bai27\715105034_Nguyen_Quy_Dai_Bai27.csproj", "{D06A418B-056E-421F-880F-43FFC272F54D}"
EndProject
Global
	GlobalSection(SolutionConfigurationPlatforms) = preSolution
		Debug|Any CPU = Debug|Any CPU
		Release|Any CPU = Release|Any CPU
	EndGlobalSection
	GlobalSection(ProjectConfigurationPlatforms) = postSolution
		{D06A418B-056E-421F-880F-43FFC272F54D}.Debug|Any CPU.ActiveCfg = Debug|Any CPU
		{D06A418B-056E-421F-880F-43FFC272F54D}.Debug|Any CPU.Build.0 = Debug|Any CPU
		{D06A418B-056E-421F-880F-43FFC272F54D}.Release|Any CPU.ActiveCfg = Release|Any CPU
		{D06A418B-056E-421F-880F-43FFC272F54D}.Release|Any CPU.Build.0 = Release|Any CPU
	EndGlobalSection
	GlobalSection(SolutionProperties) = preSolution
		HideSolutionNode = FALSE
	EndGlobalSection
	GlobalSection(ExtensibilityGlobals) = postSolution
		SolutionGuid = {5BBC3069-6FB7-4415-9F60-E59B94956871}
	EndGlobalSection
EndGlobal
