
Microsoft Visual Studio Solution File, Format Version 12.00
# Visual Studio Version 17
VisualStudioVersion = 17.8.34330.188
MinimumVisualStudioVersion = 10.0.40219.1
Project("{FAE04EC0-301F-11D3-BF4B-00C04F79EFBC}") = "715105034_Nguyen_Quy_Dai_Bai3", "715105034_Nguyen_Quy_Dai_Bai3\715105034_Nguyen_Quy_Dai_Bai3.csproj", "{129A0F8E-0AB7-4844-803F-10ADBB317242}"
EndProject
Global
	GlobalSection(SolutionConfigurationPlatforms) = preSolution
		Debug|Any CPU = Debug|Any CPU
		Release|Any CPU = Release|Any CPU
	EndGlobalSection
	GlobalSection(ProjectConfigurationPlatforms) = postSolution
		{129A0F8E-0AB7-4844-803F-10ADBB317242}.Debug|Any CPU.ActiveCfg = Debug|Any CPU
		{129A0F8E-0AB7-4844-803F-10ADBB317242}.Debug|Any CPU.Build.0 = Debug|Any CPU
		{129A0F8E-0AB7-4844-803F-10ADBB317242}.Release|Any CPU.ActiveCfg = Release|Any CPU
		{129A0F8E-0AB7-4844-803F-10ADBB317242}.Release|Any CPU.Build.0 = Release|Any CPU
	EndGlobalSection
	GlobalSection(SolutionProperties) = preSolution
		HideSolutionNode = FALSE
	EndGlobalSection
	GlobalSection(ExtensibilityGlobals) = postSolution
		SolutionGuid = {6552FD14-CCBF-4249-A303-26AE59C73781}
	EndGlobalSection
EndGlobal
