
Microsoft Visual Studio Solution File, Format Version 12.00
# Visual Studio Version 17
VisualStudioVersion = 17.8.34330.188
MinimumVisualStudioVersion = 10.0.40219.1
Project("{FAE04EC0-301F-11D3-BF4B-00C04F79EFBC}") = "WindowsFormsApp1", "WindowsFormsApp1\WindowsFormsApp1.csproj", "{A760F0B9-2AA1-4B45-BA76-60953A208D6A}"
EndProject
Global
	GlobalSection(SolutionConfigurationPlatforms) = preSolution
		Debug|Any CPU = Debug|Any CPU
		Release|Any CPU = Release|Any CPU
	EndGlobalSection
	GlobalSection(ProjectConfigurationPlatforms) = postSolution
		{A760F0B9-2AA1-4B45-BA76-60953A208D6A}.Debug|Any CPU.ActiveCfg = Debug|Any CPU
		{A760F0B9-2AA1-4B45-BA76-60953A208D6A}.Debug|Any CPU.Build.0 = Debug|Any CPU
		{A760F0B9-2AA1-4B45-BA76-60953A208D6A}.Release|Any CPU.ActiveCfg = Release|Any CPU
		{A760F0B9-2AA1-4B45-BA76-60953A208D6A}.Release|Any CPU.Build.0 = Release|Any CPU
	EndGlobalSection
	GlobalSection(SolutionProperties) = preSolution
		HideSolutionNode = FALSE
	EndGlobalSection
	GlobalSection(ExtensibilityGlobals) = postSolution
		SolutionGuid = {F94B0D48-2227-47A7-8ABF-BBDA1293885D}
	EndGlobalSection
EndGlobal
