
Microsoft Visual Studio Solution File, Format Version 12.00
# Visual Studio Version 17
VisualStudioVersion = 17.9.34701.34
MinimumVisualStudioVersion = 10.0.40219.1
Project("{FAE04EC0-301F-11D3-BF4B-00C04F79EFBC}") = "NguyenQuyDai_Bai6", "NguyenQuyDai_Bai6\NguyenQuyDai_Bai6.csproj", "{26AF5174-2D63-4342-A109-44EDEA384B3E}"
EndProject
Global
	GlobalSection(SolutionConfigurationPlatforms) = preSolution
		Debug|Any CPU = Debug|Any CPU
		Release|Any CPU = Release|Any CPU
	EndGlobalSection
	GlobalSection(ProjectConfigurationPlatforms) = postSolution
		{26AF5174-2D63-4342-A109-44EDEA384B3E}.Debug|Any CPU.ActiveCfg = Debug|Any CPU
		{26AF5174-2D63-4342-A109-44EDEA384B3E}.Debug|Any CPU.Build.0 = Debug|Any CPU
		{26AF5174-2D63-4342-A109-44EDEA384B3E}.Release|Any CPU.ActiveCfg = Release|Any CPU
		{26AF5174-2D63-4342-A109-44EDEA384B3E}.Release|Any CPU.Build.0 = Release|Any CPU
	EndGlobalSection
	GlobalSection(SolutionProperties) = preSolution
		HideSolutionNode = FALSE
	EndGlobalSection
	GlobalSection(ExtensibilityGlobals) = postSolution
		SolutionGuid = {BFA21A00-37AF-4F93-B524-B0EE676805BE}
	EndGlobalSection
EndGlobal
